
Microsoft Visual Studio Solution File, Format Version 12.00
# Visual Studio 2013
VisualStudioVersion = 12.0.31101.0
MinimumVisualStudioVersion = 10.0.40219.1
Project("{FAE04EC0-301F-11D3-BF4B-00C04F79EFBC}") = "ExternalApplication", "ExternalApplication\ExternalApplication.csproj", "{485CCC6C-DB6B-455D-AB4E-F7E0867F5D13}"
EndProject
Project("{FAE04EC0-301F-11D3-BF4B-00C04F79EFBC}") = "Model.Dto", "User\Model.Dto.csproj", "{4E38D1B0-3896-46D1-8132-CBAB55B8AD69}"
EndProject
Global
	GlobalSection(SolutionConfigurationPlatforms) = preSolution
		Debug|Any CPU = Debug|Any CPU
		Release|Any CPU = Release|Any CPU
	EndGlobalSection
	GlobalSection(ProjectConfigurationPlatforms) = postSolution
		{485CCC6C-DB6B-455D-AB4E-F7E0867F5D13}.Debug|Any CPU.ActiveCfg = Debug|Any CPU
		{485CCC6C-DB6B-455D-AB4E-F7E0867F5D13}.Debug|Any CPU.Build.0 = Debug|Any CPU
		{485CCC6C-DB6B-455D-AB4E-F7E0867F5D13}.Release|Any CPU.ActiveCfg = Release|Any CPU
		{485CCC6C-DB6B-455D-AB4E-F7E0867F5D13}.Release|Any CPU.Build.0 = Release|Any CPU
		{4E38D1B0-3896-46D1-8132-CBAB55B8AD69}.Debug|Any CPU.ActiveCfg = Debug|Any CPU
		{4E38D1B0-3896-46D1-8132-CBAB55B8AD69}.Debug|Any CPU.Build.0 = Debug|Any CPU
		{4E38D1B0-3896-46D1-8132-CBAB55B8AD69}.Release|Any CPU.ActiveCfg = Release|Any CPU
		{4E38D1B0-3896-46D1-8132-CBAB55B8AD69}.Release|Any CPU.Build.0 = Release|Any CPU
	EndGlobalSection
	GlobalSection(SolutionProperties) = preSolution
		HideSolutionNode = FALSE
	EndGlobalSection
EndGlobal
